Microsoft Visual Studio Solution File, Format Version 12.00
# Visual Studio Version 17
VisualStudioVersion = 17.0.31903.59
MinimumVisualStudioVersion = 10.0.40219.1
Project("{9A19103F-16F7-4668-BE54-9A1E7A4F7556}") = "Build", "tools\Build\Build.csproj", "{9BB3C85C-100E-4128-A9AF-8F697D753538}"
EndProject
Project("{2150E333-8FDC-42A3-9474-1A3956D46DE8}") = "Solution Items", "Solution Items", "{A21957E2-3EB8-4CA5-8537-04F60C9F98D5}"
	ProjectSection(SolutionItems) = preProject
		.editorconfig = .editorconfig
		.gitattributes = .gitattributes
		.gitignore = .gitignore
		build.ps1 = build.ps1
		CONTRIBUTING.md = CONTRIBUTING.md
		Directory.Build.props = Directory.Build.props
		Directory.Packages.props = Directory.Packages.props
		global.json = global.json
		LICENSE = LICENSE
		nuget.config = nuget.config
		README.md = README.md
		ReleaseNotes.md = ReleaseNotes.md
	EndProjectSection
EndProject
Project("{FAE04EC0-301F-11D3-BF4B-00C04F79EFBC}") = "Logos.HfTokenizers", "src\Logos.HfTokenizers\Logos.HfTokenizers.csproj", "{31D78EB8-6AFE-4788-8799-32F7F2B13A5A}"
EndProject
Project("{FAE04EC0-301F-11D3-BF4B-00C04F79EFBC}") = "Logos.HfTokenizers.Tests", "tests\Logos.HfTokenizers.Tests\Logos.HfTokenizers.Tests.csproj", "{BA8779A1-6B65-4C52-A50B-394C4E6A3BC0}"
EndProject
Global
	GlobalSection(SolutionConfigurationPlatforms) = preSolution
		Debug|Any CPU = Debug|Any CPU
		Debug|linux-x64 = Debug|linux-x64
		Debug|win-x64 = Debug|win-x64
		Release|Any CPU = Release|Any CPU
		Release|linux-x64 = Release|linux-x64
		Release|win-x64 = Release|win-x64
	EndGlobalSection
	GlobalSection(ProjectConfigurationPlatforms) = postSolution
		{9BB3C85C-100E-4128-A9AF-8F697D753538}.Debug|Any CPU.ActiveCfg = Debug|Any CPU
		{9BB3C85C-100E-4128-A9AF-8F697D753538}.Debug|Any CPU.Build.0 = Debug|Any CPU
		{9BB3C85C-100E-4128-A9AF-8F697D753538}.Debug|linux-x64.ActiveCfg = Debug|Any CPU
		{9BB3C85C-100E-4128-A9AF-8F697D753538}.Debug|linux-x64.Build.0 = Debug|Any CPU
		{9BB3C85C-100E-4128-A9AF-8F697D753538}.Debug|win-x64.ActiveCfg = Debug|Any CPU
		{9BB3C85C-100E-4128-A9AF-8F697D753538}.Debug|win-x64.Build.0 = Debug|Any CPU
		{9BB3C85C-100E-4128-A9AF-8F697D753538}.Release|Any CPU.ActiveCfg = Release|Any CPU
		{9BB3C85C-100E-4128-A9AF-8F697D753538}.Release|Any CPU.Build.0 = Release|Any CPU
		{9BB3C85C-100E-4128-A9AF-8F697D753538}.Release|linux-x64.ActiveCfg = Release|Any CPU
		{9BB3C85C-100E-4128-A9AF-8F697D753538}.Release|linux-x64.Build.0 = Release|Any CPU
		{9BB3C85C-100E-4128-A9AF-8F697D753538}.Release|win-x64.ActiveCfg = Release|Any CPU
		{9BB3C85C-100E-4128-A9AF-8F697D753538}.Release|win-x64.Build.0 = Release|Any CPU
		{31D78EB8-6AFE-4788-8799-32F7F2B13A5A}.Debug|Any CPU.ActiveCfg = Debug|package
		{31D78EB8-6AFE-4788-8799-32F7F2B13A5A}.Debug|Any CPU.Build.0 = Debug|package
		{31D78EB8-6AFE-4788-8799-32F7F2B13A5A}.Debug|linux-x64.ActiveCfg = Debug|linux-x64
		{31D78EB8-6AFE-4788-8799-32F7F2B13A5A}.Debug|linux-x64.Build.0 = Debug|linux-x64
		{31D78EB8-6AFE-4788-8799-32F7F2B13A5A}.Debug|win-x64.ActiveCfg = Debug|win-x64
		{31D78EB8-6AFE-4788-8799-32F7F2B13A5A}.Debug|win-x64.Build.0 = Debug|win-x64
		{31D78EB8-6AFE-4788-8799-32F7F2B13A5A}.Release|Any CPU.ActiveCfg = Release|package
		{31D78EB8-6AFE-4788-8799-32F7F2B13A5A}.Release|Any CPU.Build.0 = Release|package
		{31D78EB8-6AFE-4788-8799-32F7F2B13A5A}.Release|linux-x64.ActiveCfg = Release|linux-x64
		{31D78EB8-6AFE-4788-8799-32F7F2B13A5A}.Release|linux-x64.Build.0 = Release|linux-x64
		{31D78EB8-6AFE-4788-8799-32F7F2B13A5A}.Release|win-x64.ActiveCfg = Release|win-x64
		{31D78EB8-6AFE-4788-8799-32F7F2B13A5A}.Release|win-x64.Build.0 = Release|win-x64
		{BA8779A1-6B65-4C52-A50B-394C4E6A3BC0}.Debug|Any CPU.ActiveCfg = Debug|win-x64
		{BA8779A1-6B65-4C52-A50B-394C4E6A3BC0}.Debug|linux-x64.ActiveCfg = Debug|linux-x64
		{BA8779A1-6B65-4C52-A50B-394C4E6A3BC0}.Debug|linux-x64.Build.0 = Debug|linux-x64
		{BA8779A1-6B65-4C52-A50B-394C4E6A3BC0}.Debug|win-x64.ActiveCfg = Debug|win-x64
		{BA8779A1-6B65-4C52-A50B-394C4E6A3BC0}.Debug|win-x64.Build.0 = Debug|win-x64
		{BA8779A1-6B65-4C52-A50B-394C4E6A3BC0}.Release|Any CPU.ActiveCfg = Release|win-x64
		{BA8779A1-6B65-4C52-A50B-394C4E6A3BC0}.Release|linux-x64.ActiveCfg = Release|linux-x64
		{BA8779A1-6B65-4C52-A50B-394C4E6A3BC0}.Release|linux-x64.Build.0 = Release|linux-x64
		{BA8779A1-6B65-4C52-A50B-394C4E6A3BC0}.Release|win-x64.ActiveCfg = Release|win-x64
		{BA8779A1-6B65-4C52-A50B-394C4E6A3BC0}.Release|win-x64.Build.0 = Release|win-x64
	EndGlobalSection
	GlobalSection(SolutionProperties) = preSolution
		HideSolutionNode = FALSE
	EndGlobalSection
	GlobalSection(ExtensibilityGlobals) = postSolution
		SolutionGuid = {28CD7BF1-0965-4088-8597-4C08C20C814C}
	EndGlobalSection
EndGlobal
